// !$*UTF8*$!
{
	archiveVersion = 1;
	classes = {
	};
	objectVersion = 46;
	objects = {

/* Begin PBXBuildFile section */
		3DDFF8C75DC325DA847BF96B /* Pods_Calculator.framework in Frameworks */ = {isa = PBXBuildFile; fileRef = 14755D537D87B162EBE2A29E /* Pods_Calculator.framework */; };
		53C4B9DD8BAC65E52F3C4318 /* Pods_CalculatorUITests.framework in Frameworks */ = {isa = PBXBuildFile; fileRef = 09DCDE6211EA17A5318D0AA7 /* Pods_CalculatorUITests.framework */; };
		5517304A1EF0E236004D6348 /* AppDelegate.swift in Sources */ = {isa = PBXBuildFile; fileRef = 551730491EF0E236004D6348 /* AppDelegate.swift */; };
		5517304C1EF0E236004D6348 /* ViewController.swift in Sources */ = {isa = PBXBuildFile; fileRef = 5517304B1EF0E236004D6348 /* ViewController.swift */; };
		5517304F1EF0E236004D6348 /* Main.storyboard in Resources */ = {isa = PBXBuildFile; fileRef = 5517304D1EF0E236004D6348 /* Main.storyboard */; };
		551730521EF0E236004D6348 /* Calculator.xcdatamodeld in Sources */ = {isa = PBXBuildFile; fileRef = 551730501EF0E236004D6348 /* Calculator.xcdatamodeld */; };
		551730541EF0E236004D6348 /* Assets.xcassets in Resources */ = {isa = PBXBuildFile; fileRef = 551730531EF0E236004D6348 /* Assets.xcassets */; };
		551730571EF0E236004D6348 /* LaunchScreen.storyboard in Resources */ = {isa = PBXBuildFile; fileRef = 551730551EF0E236004D6348 /* LaunchScreen.storyboard */; };
		551730621EF0E236004D6348 /* CalculatorTests.swift in Sources */ = {isa = PBXBuildFile; fileRef = 551730611EF0E236004D6348 /* CalculatorTests.swift */; };
		5517306D1EF0E236004D6348 /* CalculatorUITests.swift in Sources */ = {isa = PBXBuildFile; fileRef = 5517306C1EF0E236004D6348 /* CalculatorUITests.swift */; };
		55A272751EF62222006BEB9B /* SimpleOperationsView.swift in Sources */ = {isa = PBXBuildFile; fileRef = 55A272741EF62222006BEB9B /* SimpleOperationsView.swift */; };
		55A272791EF62505006BEB9B /* ButtonView.xib in Resources */ = {isa = PBXBuildFile; fileRef = 55A272781EF62505006BEB9B /* ButtonView.xib */; };
		55A2727B1EF62527006BEB9B /* ButtonView.swift in Sources */ = {isa = PBXBuildFile; fileRef = 55A2727A1EF62527006BEB9B /* ButtonView.swift */; };
		58FF05EE83D7319FF16A1005 /* Pods_CalculatorTests.framework in Frameworks */ = {isa = PBXBuildFile; fileRef = B995C8760038D2A32A679D8A /* Pods_CalculatorTests.framework */; };
/* End PBXBuildFile section */

/* Begin PBXContainerItemProxy section */
		5517305E1EF0E236004D6348 /* PBXContainerItemProxy */ = {
			isa = PBXContainerItemProxy;
			containerPortal = 5517303E1EF0E236004D6348 /* Project object */;
			proxyType = 1;
			remoteGlobalIDString = 551730451EF0E236004D6348;
			remoteInfo = Calculator;
		};
		551730691EF0E236004D6348 /* PBXContainerItemProxy */ = {
			isa = PBXContainerItemProxy;
			containerPortal = 5517303E1EF0E236004D6348 /* Project object */;
			proxyType = 1;
			remoteGlobalIDString = 551730451EF0E236004D6348;
			remoteInfo = Calculator;
		};
/* End PBXContainerItemProxy section */

/* Begin PBXFileReference section */
		09DCDE6211EA17A5318D0AA7 /* Pods_CalculatorUITests.framework */ = {isa = PBXFileReference; explicitFileType = wrapper.framework; includeInIndex = 0; path = Pods_CalculatorUITests.framework; sourceTree = BUILT_PRODUCTS_DIR; };
		14755D537D87B162EBE2A29E /* Pods_Calculator.framework */ = {isa = PBXFileReference; explicitFileType = wrapper.framework; includeInIndex = 0; path = Pods_Calculator.framework; sourceTree = BUILT_PRODUCTS_DIR; };
		34D57093AD5F1FDC3B41A478 /* Pods-CalculatorTests.debug.xcconfig */ = {isa = PBXFileReference; includeInIndex = 1; lastKnownFileType = text.xcconfig; name = "Pods-CalculatorTests.debug.xcconfig"; path = "Pods/Target Support Files/Pods-CalculatorTests/Pods-CalculatorTests.debug.xcconfig"; sourceTree = "<group>"; };
		478060CB94A4751348320474 /* Pods-Calculator.release.xcconfig */ = {isa = PBXFileReference; includeInIndex = 1; lastKnownFileType = text.xcconfig; name = "Pods-Calculator.release.xcconfig"; path = "Pods/Target Support Files/Pods-Calculator/Pods-Calculator.release.xcconfig"; sourceTree = "<group>"; };
		551730461EF0E236004D6348 /* Calculator.app */ = {isa = PBXFileReference; explicitFileType = wrapper.application; includeInIndex = 0; path = Calculator.app; sourceTree = BUILT_PRODUCTS_DIR; };
		551730491EF0E236004D6348 /* AppDelegate.swift */ = {isa = PBXFileReference; lastKnownFileType = sourcecode.swift; path = AppDelegate.swift; sourceTree = "<group>"; };
		5517304B1EF0E236004D6348 /* ViewController.swift */ = {isa = PBXFileReference; lastKnownFileType = sourcecode.swift; path = ViewController.swift; sourceTree = "<group>"; };
		5517304E1EF0E236004D6348 /* Base */ = {isa = PBXFileReference; lastKnownFileType = file.storyboard; name = Base; path = Base.lproj/Main.storyboard; sourceTree = "<group>"; };
		551730511EF0E236004D6348 /* Calculator.xcdatamodel */ = {isa = PBXFileReference; lastKnownFileType = wrapper.xcdatamodel; path = Calculator.xcdatamodel; sourceTree = "<group>"; };
		551730531EF0E236004D6348 /* Assets.xcassets */ = {isa = PBXFileReference; lastKnownFileType = folder.assetcatalog; path = Assets.xcassets; sourceTree = "<group>"; };
		551730561EF0E236004D6348 /* Base */ = {isa = PBXFileReference; lastKnownFileType = file.storyboard; name = Base; path = Base.lproj/LaunchScreen.storyboard; sourceTree = "<group>"; };
		551730581EF0E236004D6348 /* Info.plist */ = {isa = PBXFileReference; lastKnownFileType = text.plist.xml; path = Info.plist; sourceTree = "<group>"; };
		5517305D1EF0E236004D6348 /* CalculatorTests.xctest */ = {isa = PBXFileReference; explicitFileType = wrapper.cfbundle; includeInIndex = 0; path = CalculatorTests.xctest; sourceTree = BUILT_PRODUCTS_DIR; };
		551730611EF0E236004D6348 /* CalculatorTests.swift */ = {isa = PBXFileReference; lastKnownFileType = sourcecode.swift; path = CalculatorTests.swift; sourceTree = "<group>"; };
		551730631EF0E236004D6348 /* Info.plist */ = {isa = PBXFileReference; lastKnownFileType = text.plist.xml; path = Info.plist; sourceTree = "<group>"; };
		551730681EF0E236004D6348 /* CalculatorUITests.xctest */ = {isa = PBXFileReference; explicitFileType = wrapper.cfbundle; includeInIndex = 0; path = CalculatorUITests.xctest; sourceTree = BUILT_PRODUCTS_DIR; };
		5517306C1EF0E236004D6348 /* CalculatorUITests.swift */ = {isa = PBXFileReference; lastKnownFileType = sourcecode.swift; path = CalculatorUITests.swift; sourceTree = "<group>"; };
		5517306E1EF0E236004D6348 /* Info.plist */ = {isa = PBXFileReference; lastKnownFileType = text.plist.xml; path = Info.plist; sourceTree = "<group>"; };
		55A272741EF62222006BEB9B /* SimpleOperationsView.swift */ = {isa = PBXFileReference; fileEncoding = 4; lastKnownFileType = sourcecode.swift; path = SimpleOperationsView.swift; sourceTree = "<group>"; };
		55A272781EF62505006BEB9B /* ButtonView.xib */ = {isa = PBXFileReference; fileEncoding = 4; lastKnownFileType = file.xib; path = ButtonView.xib; sourceTree = "<group>"; };
		55A2727A1EF62527006BEB9B /* ButtonView.swift */ = {isa = PBXFileReference; fileEncoding = 4; lastKnownFileType = sourcecode.swift; path = ButtonView.swift; sourceTree = "<group>"; };
		68DE6B911F93287CE86EC8DD /* Pods-Calculator.debug.xcconfig */ = {isa = PBXFileReference; includeInIndex = 1; lastKnownFileType = text.xcconfig; name = "Pods-Calculator.debug.xcconfig"; path = "Pods/Target Support Files/Pods-Calculator/Pods-Calculator.debug.xcconfig"; sourceTree = "<group>"; };
		A087DDA7A3978ECC155841FF /* Pods-CalculatorUITests.release.xcconfig */ = {isa = PBXFileReference; includeInIndex = 1; lastKnownFileType = text.xcconfig; name = "Pods-CalculatorUITests.release.xcconfig"; path = "Pods/Target Support Files/Pods-CalculatorUITests/Pods-CalculatorUITests.release.xcconfig"; sourceTree = "<group>"; };
		B635E9D567AB3302809B7F89 /* Pods-CalculatorUITests.debug.xcconfig */ = {isa = PBXFileReference; includeInIndex = 1; lastKnownFileType = text.xcconfig; name = "Pods-CalculatorUITests.debug.xcconfig"; path = "Pods/Target Support Files/Pods-CalculatorUITests/Pods-CalculatorUITests.debug.xcconfig"; sourceTree = "<group>"; };
		B995C8760038D2A32A679D8A /* Pods_CalculatorTests.framework */ = {isa = PBXFileReference; explicitFileType = wrapper.framework; includeInIndex = 0; path = Pods_CalculatorTests.framework; sourceTree = BUILT_PRODUCTS_DIR; };
		BA7B62E4B9DEE7CCC9CD8D49 /* Pods-CalculatorTests.release.xcconfig */ = {isa = PBXFileReference; includeInIndex = 1; lastKnownFileType = text.xcconfig; name = "Pods-CalculatorTests.release.xcconfig"; path = "Pods/Target Support Files/Pods-CalculatorTests/Pods-CalculatorTests.release.xcconfig"; sourceTree = "<group>"; };
/* End PBXFileReference section */

/* Begin PBXFrameworksBuildPhase section */
		551730431EF0E236004D6348 /* Frameworks */ = {
			isa = PBXFrameworksBuildPhase;
			buildActionMask = 2147483647;
			files = (
				3DDFF8C75DC325DA847BF96B /* Pods_Calculator.framework in Frameworks */,
			);
			runOnlyForDeploymentPostprocessing = 0;
		};
		5517305A1EF0E236004D6348 /* Frameworks */ = {
			isa = PBXFrameworksBuildPhase;
			buildActionMask = 2147483647;
			files = (
				58FF05EE83D7319FF16A1005 /* Pods_CalculatorTests.framework in Frameworks */,
			);
			runOnlyForDeploymentPostprocessing = 0;
		};
		551730651EF0E236004D6348 /* Frameworks */ = {
			isa = PBXFrameworksBuildPhase;
			buildActionMask = 2147483647;
			files = (
				53C4B9DD8BAC65E52F3C4318 /* Pods_CalculatorUITests.framework in Frameworks */,
			);
			runOnlyForDeploymentPostprocessing = 0;
		};
/* End PBXFrameworksBuildPhase section */

/* Begin PBXGroup section */
		5517303D1EF0E236004D6348 = {
			isa = PBXGroup;
			children = (
				551730481EF0E236004D6348 /* Calculator */,
				551730601EF0E236004D6348 /* CalculatorTests */,
				5517306B1EF0E236004D6348 /* CalculatorUITests */,
				551730471EF0E236004D6348 /* Products */,
				8ACF8F744AD4708114925D4E /* Pods */,
				C5282BC5AB0AE14531E3016C /* Frameworks */,
			);
			sourceTree = "<group>";
		};
		551730471EF0E236004D6348 /* Products */ = {
			isa = PBXGroup;
			children = (
				551730461EF0E236004D6348 /* Calculator.app */,
				5517305D1EF0E236004D6348 /* CalculatorTests.xctest */,
				551730681EF0E236004D6348 /* CalculatorUITests.xctest */,
			);
			name = Products;
			sourceTree = "<group>";
		};
		551730481EF0E236004D6348 /* Calculator */ = {
			isa = PBXGroup;
			children = (
				551730491EF0E236004D6348 /* AppDelegate.swift */,
				5517304B1EF0E236004D6348 /* ViewController.swift */,
				55A272741EF62222006BEB9B /* SimpleOperationsView.swift */,
				55A272781EF62505006BEB9B /* ButtonView.xib */,
				55A2727A1EF62527006BEB9B /* ButtonView.swift */,
				5517304D1EF0E236004D6348 /* Main.storyboard */,
				551730531EF0E236004D6348 /* Assets.xcassets */,
				551730551EF0E236004D6348 /* LaunchScreen.storyboard */,
				551730581EF0E236004D6348 /* Info.plist */,
				551730501EF0E236004D6348 /* Calculator.xcdatamodeld */,
			);
			path = Calculator;
			sourceTree = "<group>";
		};
		551730601EF0E236004D6348 /* CalculatorTests */ = {
			isa = PBXGroup;
			children = (
				551730611EF0E236004D6348 /* CalculatorTests.swift */,
				551730631EF0E236004D6348 /* Info.plist */,
			);
			path = CalculatorTests;
			sourceTree = "<group>";
		};
		5517306B1EF0E236004D6348 /* CalculatorUITests */ = {
			isa = PBXGroup;
			children = (
				5517306C1EF0E236004D6348 /* CalculatorUITests.swift */,
				5517306E1EF0E236004D6348 /* Info.plist */,
			);
			path = CalculatorUITests;
			sourceTree = "<group>";
		};
		8ACF8F744AD4708114925D4E /* Pods */ = {
			isa = PBXGroup;
			children = (
				68DE6B911F93287CE86EC8DD /* Pods-Calculator.debug.xcconfig */,
				478060CB94A4751348320474 /* Pods-Calculator.release.xcconfig */,
				34D57093AD5F1FDC3B41A478 /* Pods-CalculatorTests.debug.xcconfig */,
				BA7B62E4B9DEE7CCC9CD8D49 /* Pods-CalculatorTests.release.xcconfig */,
				B635E9D567AB3302809B7F89 /* Pods-CalculatorUITests.debug.xcconfig */,
				A087DDA7A3978ECC155841FF /* Pods-CalculatorUITests.release.xcconfig */,
			);
			name = Pods;
			sourceTree = "<group>";
		};
		C5282BC5AB0AE14531E3016C /* Frameworks */ = {
			isa = PBXGroup;
			children = (
				14755D537D87B162EBE2A29E /* Pods_Calculator.framework */,
				B995C8760038D2A32A679D8A /* Pods_CalculatorTests.framework */,
				09DCDE6211EA17A5318D0AA7 /* Pods_CalculatorUITests.framework */,
			);
			name = Frameworks;
			sourceTree = "<group>";
		};
/* End PBXGroup section */

/* Begin PBXNativeTarget section */
		551730451EF0E236004D6348 /* Calculator */ = {
			isa = PBXNativeTarget;
			buildConfigurationList = 551730711EF0E236004D6348 /* Build configuration list for PBXNativeTarget "Calculator" */;
			buildPhases = (
				4FEB079BE3BD50DCDCC153AF /* [CP] Check Pods Manifest.lock */,
				551730421EF0E236004D6348 /* Sources */,
				551730431EF0E236004D6348 /* Frameworks */,
				551730441EF0E236004D6348 /* Resources */,
				28552521AC2FFCC59317F572 /* [CP] Embed Pods Frameworks */,
				9ED60E2B472BD22075E57FBE /* [CP] Copy Pods Resources */,
				55C343471EF2FC6100FA480F /* ShellScript */,
			);
			buildRules = (
			);
			dependencies = (
			);
			name = Calculator;
			productName = Calculator;
			productReference = 551730461EF0E236004D6348 /* Calculator.app */;
			productType = "com.apple.product-type.application";
		};
		5517305C1EF0E236004D6348 /* CalculatorTests */ = {
			isa = PBXNativeTarget;
			buildConfigurationList = 551730741EF0E236004D6348 /* Build configuration list for PBXNativeTarget "CalculatorTests" */;
			buildPhases = (
				54C5ED8FEB3C8B03E627B72D /* [CP] Check Pods Manifest.lock */,
				551730591EF0E236004D6348 /* Sources */,
				5517305A1EF0E236004D6348 /* Frameworks */,
				5517305B1EF0E236004D6348 /* Resources */,
				BFA367AABBF23F1CAF392777 /* [CP] Embed Pods Frameworks */,
				F4D448C3B5EAD37EB0DD5DA8 /* [CP] Copy Pods Resources */,
			);
			buildRules = (
			);
			dependencies = (
				5517305F1EF0E236004D6348 /* PBXTargetDependency */,
			);
			name = CalculatorTests;
			productName = CalculatorTests;
			productReference = 5517305D1EF0E236004D6348 /* CalculatorTests.xctest */;
			productType = "com.apple.product-type.bundle.unit-test";
		};
		551730671EF0E236004D6348 /* CalculatorUITests */ = {
			isa = PBXNativeTarget;
			buildConfigurationList = 551730771EF0E236004D6348 /* Build configuration list for PBXNativeTarget "CalculatorUITests" */;
			buildPhases = (
				16EA86ECFC576EFDA71A116C /* [CP] Check Pods Manifest.lock */,
				551730641EF0E236004D6348 /* Sources */,
				551730651EF0E236004D6348 /* Frameworks */,
				551730661EF0E236004D6348 /* Resources */,
				7946314619452579337121AA /* [CP] Embed Pods Frameworks */,
				ABA7BC263AB67FD3E4CAD476 /* [CP] Copy Pods Resources */,
			);
			buildRules = (
			);
			dependencies = (
				5517306A1EF0E236004D6348 /* PBXTargetDependency */,
			);
			name = CalculatorUITests;
			productName = CalculatorUITests;
			productReference = 551730681EF0E236004D6348 /* CalculatorUITests.xctest */;
			productType = "com.apple.product-type.bundle.ui-testing";
		};
/* End PBXNativeTarget section */

/* Begin PBXProject section */
		5517303E1EF0E236004D6348 /* Project object */ = {
			isa = PBXProject;
			attributes = {
				LastSwiftUpdateCheck = 0830;
				LastUpgradeCheck = 0830;
				ORGANIZATIONNAME = "Breno Xavier";
				TargetAttributes = {
					551730451EF0E236004D6348 = {
						CreatedOnToolsVersion = 8.3.2;
						DevelopmentTeam = 3MAW268EFW;
						ProvisioningStyle = Automatic;
					};
					5517305C1EF0E236004D6348 = {
						CreatedOnToolsVersion = 8.3.2;
						DevelopmentTeam = 3MAW268EFW;
						ProvisioningStyle = Automatic;
						TestTargetID = 551730451EF0E236004D6348;
					};
					551730671EF0E236004D6348 = {
						CreatedOnToolsVersion = 8.3.2;
						DevelopmentTeam = 3MAW268EFW;
						ProvisioningStyle = Automatic;
						TestTargetID = 551730451EF0E236004D6348;
					};
				};
			};
			buildConfigurationList = 551730411EF0E236004D6348 /* Build configuration list for PBXProject "Calculator" */;
			compatibilityVersion = "Xcode 3.2";
			developmentRegion = English;
			hasScannedForEncodings = 0;
			knownRegions = (
				en,
				Base,
			);
			mainGroup = 5517303D1EF0E236004D6348;
			productRefGroup = 551730471EF0E236004D6348 /* Products */;
			projectDirPath = "";
			projectRoot = "";
			targets = (
				551730451EF0E236004D6348 /* Calculator */,
				5517305C1EF0E236004D6348 /* CalculatorTests */,
				551730671EF0E236004D6348 /* CalculatorUITests */,
			);
		};
/* End PBXProject section */

/* Begin PBXResourcesBuildPhase section */
		551730441EF0E236004D6348 /* Resources */ = {
			isa = PBXResourcesBuildPhase;
			buildActionMask = 2147483647;
			files = (
				551730571EF0E236004D6348 /* LaunchScreen.storyboard in Resources */,
				551730541EF0E236004D6348 /* Assets.xcassets in Resources */,
				55A272791EF62505006BEB9B /* ButtonView.xib in Resources */,
				5517304F1EF0E236004D6348 /* Main.storyboard in Resources */,
			);
			runOnlyForDeploymentPostprocessing = 0;
		};
		5517305B1EF0E236004D6348 /* Resources */ = {
			isa = PBXResourcesBuildPhase;
			buildActionMask = 2147483647;
			files = (
			);
			runOnlyForDeploymentPostprocessing = 0;
		};
		551730661EF0E236004D6348 /* Resources */ = {
			isa = PBXResourcesBuildPhase;
			buildActionMask = 2147483647;
			files = (
			);
			runOnlyForDeploymentPostprocessing = 0;
		};
/* End PBXResourcesBuildPhase section */

/* Begin PBXShellScriptBuildPhase section */
		16EA86ECFC576EFDA71A116C /* [CP] Check Pods Manifest.lock */ = {
			isa = PBXShellScriptBuildPhase;
			buildActionMask = 2147483647;
			files = (
			);
			inputPaths = (
			);
			name = "[CP] Check Pods Manifest.lock";
			outputPaths = (
			);
			runOnlyForDeploymentPostprocessing = 0;
			shellPath = /bin/sh;
			shellScript = "diff \"${PODS_ROOT}/../Podfile.lock\" \"${PODS_ROOT}/Manifest.lock\" > /dev/null\nif [ $? != 0 ] ; then\n    # print error to STDERR\n    echo \"error: The sandbox is not in sync with the Podfile.lock. Run 'pod install' or update your CocoaPods installation.\" >&2\n    exit 1\nfi\n";
			showEnvVarsInLog = 0;
		};
		28552521AC2FFCC59317F572 /* [CP] Embed Pods Frameworks */ = {
			isa = PBXShellScriptBuildPhase;
			buildActionMask = 2147483647;
			files = (
			);
			inputPaths = (
			);
			name = "[CP] Embed Pods Frameworks";
			outputPaths = (
			);
			runOnlyForDeploymentPostprocessing = 0;
			shellPath = /bin/sh;
			shellScript = "\"${SRCROOT}/Pods/Target Support Files/Pods-Calculator/Pods-Calculator-frameworks.sh\"\n";
			showEnvVarsInLog = 0;
		};
		4FEB079BE3BD50DCDCC153AF /* [CP] Check Pods Manifest.lock */ = {
			isa = PBXShellScriptBuildPhase;
			buildActionMask = 2147483647;
			files = (
			);
			inputPaths = (
			);
			name = "[CP] Check Pods Manifest.lock";
			outputPaths = (
			);
			runOnlyForDeploymentPostprocessing = 0;
			shellPath = /bin/sh;
			shellScript = "diff \"${PODS_ROOT}/../Podfile.lock\" \"${PODS_ROOT}/Manifest.lock\" > /dev/null\nif [ $? != 0 ] ; then\n    # print error to STDERR\n    echo \"error: The sandbox is not in sync with the Podfile.lock. Run 'pod install' or update your CocoaPods installation.\" >&2\n    exit 1\nfi\n";
			showEnvVarsInLog = 0;
		};
		54C5ED8FEB3C8B03E627B72D /* [CP] Check Pods Manifest.lock */ = {
			isa = PBXShellScriptBuildPhase;
			buildActionMask = 2147483647;
			files = (
			);
			inputPaths = (
			);
			name = "[CP] Check Pods Manifest.lock";
			outputPaths = (
			);
			runOnlyForDeploymentPostprocessing = 0;
			shellPath = /bin/sh;
			shellScript = "diff \"${PODS_ROOT}/../Podfile.lock\" \"${PODS_ROOT}/Manifest.lock\" > /dev/null\nif [ $? != 0 ] ; then\n    # print error to STDERR\n    echo \"error: The sandbox is not in sync with the Podfile.lock. Run 'pod install' or update your CocoaPods installation.\" >&2\n    exit 1\nfi\n";
			showEnvVarsInLog = 0;
		};
		55C343471EF2FC6100FA480F /* ShellScript */ = {
			isa = PBXShellScriptBuildPhase;
			buildActionMask = 2147483647;
			files = (
			);
			inputPaths = (
			);
			outputPaths = (
			);
			runOnlyForDeploymentPostprocessing = 0;
			shellPath = /bin/sh;
			shellScript = "\"${PODS_ROOT}/SwiftLint/swiftlint\"";
		};
		7946314619452579337121AA /* [CP] Embed Pods Frameworks */ = {
			isa = PBXShellScriptBuildPhase;
			buildActionMask = 2147483647;
			files = (
			);
			inputPaths = (
			);
			name = "[CP] Embed Pods Frameworks";
			outputPaths = (
			);
			runOnlyForDeploymentPostprocessing = 0;
			shellPath = /bin/sh;
			shellScript = "\"${SRCROOT}/Pods/Target Support Files/Pods-CalculatorUITests/Pods-CalculatorUITests-frameworks.sh\"\n";
			showEnvVarsInLog = 0;
		};
		9ED60E2B472BD22075E57FBE /* [CP] Copy Pods Resources */ = {
			isa = PBXShellScriptBuildPhase;
			buildActionMask = 2147483647;
			files = (
			);
			inputPaths = (
			);
			name = "[CP] Copy Pods Resources";
			outputPaths = (
			);
			runOnlyForDeploymentPostprocessing = 0;
			shellPath = /bin/sh;
			shellScript = "\"${SRCROOT}/Pods/Target Support Files/Pods-Calculator/Pods-Calculator-resources.sh\"\n";
			showEnvVarsInLog = 0;
		};
		ABA7BC263AB67FD3E4CAD476 /* [CP] Copy Pods Resources */ = {
			isa = PBXShellScriptBuildPhase;
			buildActionMask = 2147483647;
			files = (
			);
			inputPaths = (
			);
			name = "[CP] Copy Pods Resources";
			outputPaths = (
			);
			runOnlyForDeploymentPostprocessing = 0;
			shellPath = /bin/sh;
			shellScript = "\"${SRCROOT}/Pods/Target Support Files/Pods-CalculatorUITests/Pods-CalculatorUITests-resources.sh\"\n";
			showEnvVarsInLog = 0;
		};
		BFA367AABBF23F1CAF392777 /* [CP] Embed Pods Frameworks */ = {
			isa = PBXShellScriptBuildPhase;
			buildActionMask = 2147483647;
			files = (
			);
			inputPaths = (
			);
			name = "[CP] Embed Pods Frameworks";
			outputPaths = (
			);
			runOnlyForDeploymentPostprocessing = 0;
			shellPath = /bin/sh;
			shellScript = "\"${SRCROOT}/Pods/Target Support Files/Pods-CalculatorTests/Pods-CalculatorTests-frameworks.sh\"\n";
			showEnvVarsInLog = 0;
		};
		F4D448C3B5EAD37EB0DD5DA8 /* [CP] Copy Pods Resources */ = {
			isa = PBXShellScriptBuildPhase;
			buildActionMask = 2147483647;
			files = (
			);
			inputPaths = (
			);
			name = "[CP] Copy Pods Resources";
			outputPaths = (
			);
			runOnlyForDeploymentPostprocessing = 0;
			shellPath = /bin/sh;
			shellScript = "\"${SRCROOT}/Pods/Target Support Files/Pods-CalculatorTests/Pods-CalculatorTests-resources.sh\"\n";
			showEnvVarsInLog = 0;
		};
/* End PBXShellScriptBuildPhase section */

/* Begin PBXSourcesBuildPhase section */
		551730421EF0E236004D6348 /* Sources */ = {
			isa = PBXSourcesBuildPhase;
			buildActionMask = 2147483647;
			files = (
				5517304C1EF0E236004D6348 /* ViewController.swift in Sources */,
				5517304A1EF0E236004D6348 /* AppDelegate.swift in Sources */,
				55A2727B1EF62527006BEB9B /* ButtonView.swift in Sources */,
				55A272751EF62222006BEB9B /* SimpleOperationsView.swift in Sources */,
				551730521EF0E236004D6348 /* Calculator.xcdatamodeld in Sources */,
			);
			runOnlyForDeploymentPostprocessing = 0;
		};
		551730591EF0E236004D6348 /* Sources */ = {
			isa = PBXSourcesBuildPhase;
			buildActionMask = 2147483647;
			files = (
				551730621EF0E236004D6348 /* CalculatorTests.swift in Sources */,
			);
			runOnlyForDeploymentPostprocessing = 0;
		};
		551730641EF0E236004D6348 /* Sources */ = {
			isa = PBXSourcesBuildPhase;
			buildActionMask = 2147483647;
			files = (
				5517306D1EF0E236004D6348 /* CalculatorUITests.swift in Sources */,
			);
			runOnlyForDeploymentPostprocessing = 0;
		};
/* End PBXSourcesBuildPhase section */

/* Begin PBXTargetDependency section */
		5517305F1EF0E236004D6348 /* PBXTargetDependency */ = {
			isa = PBXTargetDependency;
			target = 551730451EF0E236004D6348 /* Calculator */;
			targetProxy = 5517305E1EF0E236004D6348 /* PBXContainerItemProxy */;
		};
		5517306A1EF0E236004D6348 /* PBXTargetDependency */ = {
			isa = PBXTargetDependency;
			target = 551730451EF0E236004D6348 /* Calculator */;
			targetProxy = 551730691EF0E236004D6348 /* PBXContainerItemProxy */;
		};
/* End PBXTargetDependency section */

/* Begin PBXVariantGroup section */
		5517304D1EF0E236004D6348 /* Main.storyboard */ = {
			isa = PBXVariantGroup;
			children = (
				5517304E1EF0E236004D6348 /* Base */,
			);
			name = Main.storyboard;
			sourceTree = "<group>";
		};
		551730551EF0E236004D6348 /* LaunchScreen.storyboard */ = {
			isa = PBXVariantGroup;
			children = (
				551730561EF0E236004D6348 /* Base */,
			);
			name = LaunchScreen.storyboard;
			sourceTree = "<group>";
		};
/* End PBXVariantGroup section */

/* Begin XCBuildConfiguration section */
		5517306F1EF0E236004D6348 /* Debug */ = {
			isa = XCBuildConfiguration;
			buildSettings = {
				ALWAYS_SEARCH_USER_PATHS = NO;
				CLANG_ANALYZER_NONNULL = YES;
				CLANG_ANALYZER_NUMBER_OBJECT_CONVERSION = YES_AGGRESSIVE;
				CLANG_CXX_LANGUAGE_STANDARD = "gnu++0x";
				CLANG_CXX_LIBRARY = "libc++";
				CLANG_ENABLE_MODULES = YES;
				CLANG_ENABLE_OBJC_ARC = YES;
				CLANG_WARN_BOOL_CONVERSION = YES;
				CLANG_WARN_CONSTANT_CONVERSION = YES;
				CLANG_WARN_DIRECT_OBJC_ISA_USAGE = YES_ERROR;
				CLANG_WARN_DOCUMENTATION_COMMENTS = YES;
				CLANG_WARN_EMPTY_BODY = YES;
				CLANG_WARN_ENUM_CONVERSION = YES;
				CLANG_WARN_INFINITE_RECURSION = YES;
				CLANG_WARN_INT_CONVERSION = YES;
				CLANG_WARN_OBJC_ROOT_CLASS = YES_ERROR;
				CLANG_WARN_SUSPICIOUS_MOVE = YES;
				CLANG_WARN_UNREACHABLE_CODE = YES;
				CLANG_WARN__DUPLICATE_METHOD_MATCH = YES;
				"CODE_SIGN_IDENTITY[sdk=iphoneos*]" = "iPhone Developer";
				COPY_PHASE_STRIP = NO;
				DEBUG_INFORMATION_FORMAT = dwarf;
				ENABLE_STRICT_OBJC_MSGSEND = YES;
				ENABLE_TESTABILITY = YES;
				GCC_C_LANGUAGE_STANDARD = gnu99;
				GCC_DYNAMIC_NO_PIC = NO;
				GCC_NO_COMMON_BLOCKS = YES;
				GCC_OPTIMIZATION_LEVEL = 0;
				GCC_PREPROCESSOR_DEFINITIONS = (
					"DEBUG=1",
					"$(inherited)",
				);
				GCC_WARN_64_TO_32_BIT_CONVERSION = YES;
				GCC_WARN_ABOUT_RETURN_TYPE = YES_ERROR;
				GCC_WARN_UNDECLARED_SELECTOR = YES;
				GCC_WARN_UNINITIALIZED_AUTOS = YES_AGGRESSIVE;
				GCC_WARN_UNUSED_FUNCTION = YES;
				GCC_WARN_UNUSED_VARIABLE = YES;
				IPHONEOS_DEPLOYMENT_TARGET = 10.3;
				MTL_ENABLE_DEBUG_INFO = YES;
				ONLY_ACTIVE_ARCH = YES;
				SDKROOT = iphoneos;
				SWIFT_ACTIVE_COMPILATION_CONDITIONS = DEBUG;
				SWIFT_OPTIMIZATION_LEVEL = "-Onone";
				TARGETED_DEVICE_FAMILY = "1,2";
			};
			name = Debug;
		};
		551730701EF0E236004D6348 /* Release */ = {
			isa = XCBuildConfiguration;
			buildSettings = {
				ALWAYS_SEARCH_USER_PATHS = NO;
				CLANG_ANALYZER_NONNULL = YES;
				CLANG_ANALYZER_NUMBER_OBJECT_CONVERSION = YES_AGGRESSIVE;
				CLANG_CXX_LANGUAGE_STANDARD = "gnu++0x";
				CLANG_CXX_LIBRARY = "libc++";
				CLANG_ENABLE_MODULES = YES;
				CLANG_ENABLE_OBJC_ARC = YES;
				CLANG_WARN_BOOL_CONVERSION = YES;
				CLANG_WARN_CONSTANT_CONVERSION = YES;
				CLANG_WARN_DIRECT_OBJC_ISA_USAGE = YES_ERROR;
				CLANG_WARN_DOCUMENTATION_COMMENTS = YES;
				CLANG_WARN_EMPTY_BODY = YES;
				CLANG_WARN_ENUM_CONVERSION = YES;
				CLANG_WARN_INFINITE_RECURSION = YES;
				CLANG_WARN_INT_CONVERSION = YES;
				CLANG_WARN_OBJC_ROOT_CLASS = YES_ERROR;
				CLANG_WARN_SUSPICIOUS_MOVE = YES;
				CLANG_WARN_UNREACHABLE_CODE = YES;
				CLANG_WARN__DUPLICATE_METHOD_MATCH = YES;
				"CODE_SIGN_IDENTITY[sdk=iphoneos*]" = "iPhone Developer";
				COPY_PHASE_STRIP = NO;
				DEBUG_INFORMATION_FORMAT = "dwarf-with-dsym";
				ENABLE_NS_ASSERTIONS = NO;
				ENABLE_STRICT_OBJC_MSGSEND = YES;
				GCC_C_LANGUAGE_STANDARD = gnu99;
				GCC_NO_COMMON_BLOCKS = YES;
				GCC_WARN_64_TO_32_BIT_CONVERSION = YES;
				GCC_WARN_ABOUT_RETURN_TYPE = YES_ERROR;
				GCC_WARN_UNDECLARED_SELECTOR = YES;
				GCC_WARN_UNINITIALIZED_AUTOS = YES_AGGRESSIVE;
				GCC_WARN_UNUSED_FUNCTION = YES;
				GCC_WARN_UNUSED_VARIABLE = YES;
				IPHONEOS_DEPLOYMENT_TARGET = 10.3;
				MTL_ENABLE_DEBUG_INFO = NO;
				SDKROOT = iphoneos;
				SWIFT_OPTIMIZATION_LEVEL = "-Owholemodule";
				TARGETED_DEVICE_FAMILY = "1,2";
				VALIDATE_PRODUCT = YES;
			};
			name = Release;
		};
		551730721EF0E236004D6348 /* Debug */ = {
			isa = XCBuildConfiguration;
			baseConfigurationReference = 68DE6B911F93287CE86EC8DD /* Pods-Calculator.debug.xcconfig */;
			buildSettings = {
				ASSETCATALOG_COMPILER_APPICON_NAME = AppIcon;
				DEVELOPMENT_TEAM = 3MAW268EFW;
				INFOPLIST_FILE = Calculator/Info.plist;
				IPHONEOS_DEPLOYMENT_TARGET = 10.0;
				LD_RUNPATH_SEARCH_PATHS = "$(inherited) @executable_path/Frameworks";
				PRODUCT_BUNDLE_IDENTIFIER = br.com.breno.Calculator;
				PRODUCT_NAME = "$(TARGET_NAME)";
				SWIFT_VERSION = 3.0;
			};
			name = Debug;
		};
		551730731EF0E236004D6348 /* Release */ = {
			isa = XCBuildConfiguration;
			baseConfigurationReference = 478060CB94A4751348320474 /* Pods-Calculator.release.xcconfig */;
			buildSettings = {
				ASSETCATALOG_COMPILER_APPICON_NAME = AppIcon;
				DEVELOPMENT_TEAM = 3MAW268EFW;
				INFOPLIST_FILE = Calculator/Info.plist;
				IPHONEOS_DEPLOYMENT_TARGET = 10.0;
				LD_RUNPATH_SEARCH_PATHS = "$(inherited) @executable_path/Frameworks";
				PRODUCT_BUNDLE_IDENTIFIER = br.com.breno.Calculator;
				PRODUCT_NAME = "$(TARGET_NAME)";
				SWIFT_VERSION = 3.0;
			};
			name = Release;
		};
		551730751EF0E236004D6348 /* Debug */ = {
			isa = XCBuildConfiguration;
			baseConfigurationReference = 34D57093AD5F1FDC3B41A478 /* Pods-CalculatorTests.debug.xcconfig */;
			buildSettings = {
				ALWAYS_EMBED_SWIFT_STANDARD_LIBRARIES = YES;
				BUNDLE_LOADER = "$(TEST_HOST)";
				DEVELOPMENT_TEAM = 3MAW268EFW;
				INFOPLIST_FILE = CalculatorTests/Info.plist;
				LD_RUNPATH_SEARCH_PATHS = "$(inherited) @executable_path/Frameworks @loader_path/Frameworks";
				PRODUCT_BUNDLE_IDENTIFIER = br.com.breno.CalculatorTests;
				PRODUCT_NAME = "$(TARGET_NAME)";
				SWIFT_VERSION = 3.0;
				TEST_HOST = "$(BUILT_PRODUCTS_DIR)/Calculator.app/Calculator";
			};
			name = Debug;
		};
		551730761EF0E236004D6348 /* Release */ = {
			isa = XCBuildConfiguration;
			baseConfigurationReference = BA7B62E4B9DEE7CCC9CD8D49 /* Pods-CalculatorTests.release.xcconfig */;
			buildSettings = {
				ALWAYS_EMBED_SWIFT_STANDARD_LIBRARIES = YES;
				BUNDLE_LOADER = "$(TEST_HOST)";
				DEVELOPMENT_TEAM = 3MAW268EFW;
				INFOPLIST_FILE = CalculatorTests/Info.plist;
				LD_RUNPATH_SEARCH_PATHS = "$(inherited) @executable_path/Frameworks @loader_path/Frameworks";
				PRODUCT_BUNDLE_IDENTIFIER = br.com.breno.CalculatorTests;
				PRODUCT_NAME = "$(TARGET_NAME)";
				SWIFT_VERSION = 3.0;
				TEST_HOST = "$(BUILT_PRODUCTS_DIR)/Calculator.app/Calculator";
			};
			name = Release;
		};
		551730781EF0E236004D6348 /* Debug */ = {
			isa = XCBuildConfiguration;
			baseConfigurationReference = B635E9D567AB3302809B7F89 /* Pods-CalculatorUITests.debug.xcconfig */;
			buildSettings = {
				ALWAYS_EMBED_SWIFT_STANDARD_LIBRARIES = YES;
				DEVELOPMENT_TEAM = 3MAW268EFW;
				INFOPLIST_FILE = CalculatorUITests/Info.plist;
				LD_RUNPATH_SEARCH_PATHS = "$(inherited) @executable_path/Frameworks @loader_path/Frameworks";
				PRODUCT_BUNDLE_IDENTIFIER = br.com.breno.CalculatorUITests;
				PRODUCT_NAME = "$(TARGET_NAME)";
				SWIFT_VERSION = 3.0;
				TEST_TARGET_NAME = Calculator;
			};
			name = Debug;
		};
		551730791EF0E236004D6348 /* Release */ = {
			isa = XCBuildConfiguration;
			baseConfigurationReference = A087DDA7A3978ECC155841FF /* Pods-CalculatorUITests.release.xcconfig */;
			buildSettings = {
				ALWAYS_EMBED_SWIFT_STANDARD_LIBRARIES = YES;
				DEVELOPMENT_TEAM = 3MAW268EFW;
				INFOPLIST_FILE = CalculatorUITests/Info.plist;
				LD_RUNPATH_SEARCH_PATHS = "$(inherited) @executable_path/Frameworks @loader_path/Frameworks";
				PRODUCT_BUNDLE_IDENTIFIER = br.com.breno.CalculatorUITests;
				PRODUCT_NAME = "$(TARGET_NAME)";
				SWIFT_VERSION = 3.0;
				TEST_TARGET_NAME = Calculator;
			};
			name = Release;
		};
/* End XCBuildConfiguration section */

/* Begin XCConfigurationList section */
		551730411EF0E236004D6348 /* Build configuration list for PBXProject "Calculator" */ = {
			isa = XCConfigurationList;
			buildConfigurations = (
				5517306F1EF0E236004D6348 /* Debug */,
				551730701EF0E236004D6348 /* Release */,
			);
			defaultConfigurationIsVisible = 0;
			defaultConfigurationName = Release;
		};
		551730711EF0E236004D6348 /* Build configuration list for PBXNativeTarget "Calculator" */ = {
			isa = XCConfigurationList;
			buildConfigurations = (
				551730721EF0E236004D6348 /* Debug */,
				551730731EF0E236004D6348 /* Release */,
			);
			defaultConfigurationIsVisible = 0;
			defaultConfigurationName = Release;
		};
		551730741EF0E236004D6348 /* Build configuration list for PBXNativeTarget "CalculatorTests" */ = {
			isa = XCConfigurationList;
			buildConfigurations = (
				551730751EF0E236004D6348 /* Debug */,
				551730761EF0E236004D6348 /* Release */,
			);
			defaultConfigurationIsVisible = 0;
			defaultConfigurationName = Release;
		};
		551730771EF0E236004D6348 /* Build configuration list for PBXNativeTarget "CalculatorUITests" */ = {
			isa = XCConfigurationList;
			buildConfigurations = (
				551730781EF0E236004D6348 /* Debug */,
				551730791EF0E236004D6348 /* Release */,
			);
			defaultConfigurationIsVisible = 0;
			defaultConfigurationName = Release;
		};
/* End XCConfigurationList section */

/* Begin XCVersionGroup section */
		551730501EF0E236004D6348 /* Calculator.xcdatamodeld */ = {
			isa = XCVersionGroup;
			children = (
				551730511EF0E236004D6348 /* Calculator.xcdatamodel */,
			);
			currentVersion = 551730511EF0E236004D6348 /* Calculator.xcdatamodel */;
			path = Calculator.xcdatamodeld;
			sourceTree = "<group>";
			versionGroupType = wrapper.xcdatamodel;
		};
/* End XCVersionGroup section */
	};
	rootObject = 5517303E1EF0E236004D6348 /* Project object */;
}
